// !$*UTF8*$!
{
	archiveVersion = 1;
	classes = {
	};
	objectVersion = 46;
	objects = {

/* Begin PBXBuildFile section */
		215A37B21D9C9E0C00D21B61 /* CustomSliderView.swift in Sources */ = {isa = PBXBuildFile; fileRef = 215A37B11D9C9E0C00D21B61 /* CustomSliderView.swift */; };
		215A37B41D9CA14800D21B61 /* ImageIO.framework in Frameworks */ = {isa = PBXBuildFile; fileRef = 215A37B31D9CA14800D21B61 /* ImageIO.framework */; };
		215A37CD1D9CA49F00D21B61 /* libSDWebImage.a in Frameworks */ = {isa = PBXBuildFile; fileRef = 215A37C31D9CA3EA00D21B61 /* libSDWebImage.a */; };
		215A37D31D9CBF1500D21B61 /* head_image.jpg in Resources */ = {isa = PBXBuildFile; fileRef = 215A37D21D9CBF1500D21B61 /* head_image.jpg */; };
		217F5DBF1D9B665700C05B0F /* test2.png in Resources */ = {isa = PBXBuildFile; fileRef = 217F5DBE1D9B665700C05B0F /* test2.png */; };
		217F5DFF1D9BBABD00C05B0F /* 3333.png in Resources */ = {isa = PBXBuildFile; fileRef = 217F5DFE1D9BBABD00C05B0F /* 3333.png */; };
		217F5E031D9BBEA800C05B0F /* 03.jpg in Resources */ = {isa = PBXBuildFile; fileRef = 217F5E001D9BBEA800C05B0F /* 03.jpg */; };
		217F5E041D9BBEA800C05B0F /* 02.jpg in Resources */ = {isa = PBXBuildFile; fileRef = 217F5E011D9BBEA800C05B0F /* 02.jpg */; };
		217F5E051D9BBEA800C05B0F /* 01.jpg in Resources */ = {isa = PBXBuildFile; fileRef = 217F5E021D9BBEA800C05B0F /* 01.jpg */; };
		21AD41A11D9A4C1C00A667BA /* AppDelegate.swift in Sources */ = {isa = PBXBuildFile; fileRef = 21AD41A01D9A4C1C00A667BA /* AppDelegate.swift */; };
		21AD41A31D9A4C1C00A667BA /* ViewController.swift in Sources */ = {isa = PBXBuildFile; fileRef = 21AD41A21D9A4C1C00A667BA /* ViewController.swift */; };
		21AD41A61D9A4C1C00A667BA /* Main.storyboard in Resources */ = {isa = PBXBuildFile; fileRef = 21AD41A41D9A4C1C00A667BA /* Main.storyboard */; };
		21AD41A81D9A4C1C00A667BA /* Assets.xcassets in Resources */ = {isa = PBXBuildFile; fileRef = 21AD41A71D9A4C1C00A667BA /* Assets.xcassets */; };
		21AD41AB1D9A4C1C00A667BA /* LaunchScreen.storyboard in Resources */ = {isa = PBXBuildFile; fileRef = 21AD41A91D9A4C1C00A667BA /* LaunchScreen.storyboard */; };
		21AD41B61D9A4C1D00A667BA /* ZJGenWoYouTests.swift in Sources */ = {isa = PBXBuildFile; fileRef = 21AD41B51D9A4C1D00A667BA /* ZJGenWoYouTests.swift */; };
		21AD41C11D9A4C1D00A667BA /* ZJGenWoYouUITests.swift in Sources */ = {isa = PBXBuildFile; fileRef = 21AD41C01D9A4C1D00A667BA /* ZJGenWoYouUITests.swift */; };
		21AD41D11D9A72A900A667BA /* CustomCell.swift in Sources */ = {isa = PBXBuildFile; fileRef = 21AD41D01D9A72A900A667BA /* CustomCell.swift */; };
		21AD41D31D9A758D00A667BA /* TextModel.swift in Sources */ = {isa = PBXBuildFile; fileRef = 21AD41D21D9A758D00A667BA /* TextModel.swift */; };
/* End PBXBuildFile section */

/* Begin PBXContainerItemProxy section */
		215A37C21D9CA3EA00D21B61 /* PBXContainerItemProxy */ = {
			isa = PBXContainerItemProxy;
			containerPortal = 215A37B91D9CA3EA00D21B61 /* SDWebImage.xcodeproj */;
			proxyType = 2;
			remoteGlobalIDString = 53761325155AD0D5005750A4;
			remoteInfo = SDWebImage;
		};
		215A37C41D9CA3EA00D21B61 /* PBXContainerItemProxy */ = {
			isa = PBXContainerItemProxy;
			containerPortal = 215A37B91D9CA3EA00D21B61 /* SDWebImage.xcodeproj */;
			proxyType = 2;
			remoteGlobalIDString = 537D95C117ECC1FE0097C263;
			remoteInfo = "SDWebImage+WebP";
		};
		215A37C61D9CA3EA00D21B61 /* PBXContainerItemProxy */ = {
			isa = PBXContainerItemProxy;
			containerPortal = 215A37B91D9CA3EA00D21B61 /* SDWebImage.xcodeproj */;
			proxyType = 2;
			remoteGlobalIDString = 531041E0157EAFA400BBABC3;
			remoteInfo = "SDWebImage+MKAnnotation";
		};
		215A37C81D9CA3EA00D21B61 /* PBXContainerItemProxy */ = {
			isa = PBXContainerItemProxy;
			containerPortal = 215A37B91D9CA3EA00D21B61 /* SDWebImage.xcodeproj */;
			proxyType = 2;
			remoteGlobalIDString = 4A2CADFF1AB4BB5300B6BC39;
			remoteInfo = WebImage;
		};
		215A37CA1D9CA3EA00D21B61 /* PBXContainerItemProxy */ = {
			isa = PBXContainerItemProxy;
			containerPortal = 215A37B91D9CA3EA00D21B61 /* SDWebImage.xcodeproj */;
			proxyType = 2;
			remoteGlobalIDString = 00733A4C1BC487C000A5A117;
			remoteInfo = "WebImage tvOS";
		};
		21AD41B21D9A4C1D00A667BA /* PBXContainerItemProxy */ = {
			isa = PBXContainerItemProxy;
			containerPortal = 21AD41951D9A4C1C00A667BA /* Project object */;
			proxyType = 1;
			remoteGlobalIDString = 21AD419C1D9A4C1C00A667BA;
			remoteInfo = ZJGenWoYou;
		};
		21AD41BD1D9A4C1D00A667BA /* PBXContainerItemProxy */ = {
			isa = PBXContainerItemProxy;
			containerPortal = 21AD41951D9A4C1C00A667BA /* Project object */;
			proxyType = 1;
			remoteGlobalIDString = 21AD419C1D9A4C1C00A667BA;
			remoteInfo = ZJGenWoYou;
		};
/* End PBXContainerItemProxy section */

/* Begin PBXFileReference section */
		215A37B11D9C9E0C00D21B61 /* CustomSliderView.swift */ = {isa = PBXFileReference; fileEncoding = 4; lastKnownFileType = sourcecode.swift; path = CustomSliderView.swift; sourceTree = "<group>"; };
		215A37B31D9CA14800D21B61 /* ImageIO.framework */ = {isa = PBXFileReference; lastKnownFileType = wrapper.framework; name = ImageIO.framework; path = System/Library/Frameworks/ImageIO.framework; sourceTree = SDKROOT; };
		215A37B91D9CA3EA00D21B61 /* SDWebImage.xcodeproj */ = {isa = PBXFileReference; lastKnownFileType = "wrapper.pb-project"; name = SDWebImage.xcodeproj; path = "../../../Downloads/SDWebImage-master/SDWebImage.xcodeproj"; sourceTree = "<group>"; };
		215A37CE1D9CA55B00D21B61 /* SDWebImage+Header.h */ = {isa = PBXFileReference; lastKnownFileType = sourcecode.c.h; path = "SDWebImage+Header.h"; sourceTree = "<group>"; };
		215A37D21D9CBF1500D21B61 /* head_image.jpg */ = {isa = PBXFileReference; lastKnownFileType = image.jpeg; path = head_image.jpg; sourceTree = "<group>"; };
		217F5DBE1D9B665700C05B0F /* test2.png */ = {isa = PBXFileReference; lastKnownFileType = image.png; path = test2.png; sourceTree = "<group>"; };
		217F5DFE1D9BBABD00C05B0F /* 3333.png */ = {isa = PBXFileReference; lastKnownFileType = image.png; path = 3333.png; sourceTree = "<group>"; };
		217F5E001D9BBEA800C05B0F /* 03.jpg */ = {isa = PBXFileReference; lastKnownFileType = image.jpeg; path = 03.jpg; sourceTree = "<group>"; };
		217F5E011D9BBEA800C05B0F /* 02.jpg */ = {isa = PBXFileReference; lastKnownFileType = image.jpeg; path = 02.jpg; sourceTree = "<group>"; };
		217F5E021D9BBEA800C05B0F /* 01.jpg */ = {isa = PBXFileReference; lastKnownFileType = image.jpeg; path = 01.jpg; sourceTree = "<group>"; };
		21AD419D1D9A4C1C00A667BA /* ZJGenWoYou.app */ = {isa = PBXFileReference; explicitFileType = wrapper.application; includeInIndex = 0; path = ZJGenWoYou.app; sourceTree = BUILT_PRODUCTS_DIR; };
		21AD41A01D9A4C1C00A667BA /* AppDelegate.swift */ = {isa = PBXFileReference; lastKnownFileType = sourcecode.swift; path = AppDelegate.swift; sourceTree = "<group>"; };
		21AD41A21D9A4C1C00A667BA /* ViewController.swift */ = {isa = PBXFileReference; lastKnownFileType = sourcecode.swift; path = ViewController.swift; sourceTree = "<group>"; };
		21AD41A51D9A4C1C00A667BA /* Base */ = {isa = PBXFileReference; lastKnownFileType = file.storyboard; name = Base; path = Base.lproj/Main.storyboard; sourceTree = "<group>"; };
		21AD41A71D9A4C1C00A667BA /* Assets.xcassets */ = {isa = PBXFileReference; lastKnownFileType = folder.assetcatalog; path = Assets.xcassets; sourceTree = "<group>"; };
		21AD41AA1D9A4C1C00A667BA /* Base */ = {isa = PBXFileReference; lastKnownFileType = file.storyboard; name = Base; path = Base.lproj/LaunchScreen.storyboard; sourceTree = "<group>"; };
		21AD41AC1D9A4C1C00A667BA /* Info.plist */ = {isa = PBXFileReference; lastKnownFileType = text.plist.xml; path = Info.plist; sourceTree = "<group>"; };
		21AD41B11D9A4C1D00A667BA /* ZJGenWoYouTests.xctest */ = {isa = PBXFileReference; explicitFileType = wrapper.cfbundle; includeInIndex = 0; path = ZJGenWoYouTests.xctest; sourceTree = BUILT_PRODUCTS_DIR; };
		21AD41B51D9A4C1D00A667BA /* ZJGenWoYouTests.swift */ = {isa = PBXFileReference; lastKnownFileType = sourcecode.swift; path = ZJGenWoYouTests.swift; sourceTree = "<group>"; };
		21AD41B71D9A4C1D00A667BA /* Info.plist */ = {isa = PBXFileReference; lastKnownFileType = text.plist.xml; path = Info.plist; sourceTree = "<group>"; };
		21AD41BC1D9A4C1D00A667BA /* ZJGenWoYouUITests.xctest */ = {isa = PBXFileReference; explicitFileType = wrapper.cfbundle; includeInIndex = 0; path = ZJGenWoYouUITests.xctest; sourceTree = BUILT_PRODUCTS_DIR; };
		21AD41C01D9A4C1D00A667BA /* ZJGenWoYouUITests.swift */ = {isa = PBXFileReference; lastKnownFileType = sourcecode.swift; path = ZJGenWoYouUITests.swift; sourceTree = "<group>"; };
		21AD41C21D9A4C1D00A667BA /* Info.plist */ = {isa = PBXFileReference; lastKnownFileType = text.plist.xml; path = Info.plist; sourceTree = "<group>"; };
		21AD41D01D9A72A900A667BA /* CustomCell.swift */ = {isa = PBXFileReference; fileEncoding = 4; lastKnownFileType = sourcecode.swift; path = CustomCell.swift; sourceTree = "<group>"; };
		21AD41D21D9A758D00A667BA /* TextModel.swift */ = {isa = PBXFileReference; fileEncoding = 4; lastKnownFileType = sourcecode.swift; path = TextModel.swift; sourceTree = "<group>"; };
/* End PBXFileReference section */

/* Begin PBXFrameworksBuildPhase section */
		21AD419A1D9A4C1C00A667BA /* Frameworks */ = {
			isa = PBXFrameworksBuildPhase;
			buildActionMask = 2147483647;
			files = (
				215A37CD1D9CA49F00D21B61 /* libSDWebImage.a in Frameworks */,
				215A37B41D9CA14800D21B61 /* ImageIO.framework in Frameworks */,
			);
			runOnlyForDeploymentPostprocessing = 0;
		};
		21AD41AE1D9A4C1D00A667BA /* Frameworks */ = {
			isa = PBXFrameworksBuildPhase;
			buildActionMask = 2147483647;
			files = (
			);
			runOnlyForDeploymentPostprocessing = 0;
		};
		21AD41B91D9A4C1D00A667BA /* Frameworks */ = {
			isa = PBXFrameworksBuildPhase;
			buildActionMask = 2147483647;
			files = (
			);
			runOnlyForDeploymentPostprocessing = 0;
		};
/* End PBXFrameworksBuildPhase section */

/* Begin PBXGroup section */
		215A37BA1D9CA3EA00D21B61 /* Products */ = {
			isa = PBXGroup;
			children = (
				215A37C31D9CA3EA00D21B61 /* libSDWebImage.a */,
				215A37C51D9CA3EA00D21B61 /* libSDWebImage+WebP.a */,
				215A37C71D9CA3EA00D21B61 /* libSDWebImage+MKAnnotation.a */,
				215A37C91D9CA3EA00D21B61 /* WebImage.framework */,
				215A37CB1D9CA3EA00D21B61 /* WebImage.framework */,
			);
			name = Products;
			sourceTree = "<group>";
		};
		21AD41941D9A4C1C00A667BA = {
			isa = PBXGroup;
			children = (
				215A37B31D9CA14800D21B61 /* ImageIO.framework */,
				21AD419F1D9A4C1C00A667BA /* ZJGenWoYou */,
				21AD41B41D9A4C1D00A667BA /* ZJGenWoYouTests */,
				21AD41BF1D9A4C1D00A667BA /* ZJGenWoYouUITests */,
				21AD419E1D9A4C1C00A667BA /* Products */,
			);
			sourceTree = "<group>";
		};
		21AD419E1D9A4C1C00A667BA /* Products */ = {
			isa = PBXGroup;
			children = (
				21AD419D1D9A4C1C00A667BA /* ZJGenWoYou.app */,
				21AD41B11D9A4C1D00A667BA /* ZJGenWoYouTests.xctest */,
				21AD41BC1D9A4C1D00A667BA /* ZJGenWoYouUITests.xctest */,
			);
			name = Products;
			sourceTree = "<group>";
		};
		21AD419F1D9A4C1C00A667BA /* ZJGenWoYou */ = {
			isa = PBXGroup;
			children = (
				21AD41A01D9A4C1C00A667BA /* AppDelegate.swift */,
				21AD41A21D9A4C1C00A667BA /* ViewController.swift */,
				215A37B11D9C9E0C00D21B61 /* CustomSliderView.swift */,
				215A37CE1D9CA55B00D21B61 /* SDWebImage+Header.h */,
				21AD41D01D9A72A900A667BA /* CustomCell.swift */,
				21AD41D21D9A758D00A667BA /* TextModel.swift */,
				215A37D21D9CBF1500D21B61 /* head_image.jpg */,
				217F5DBE1D9B665700C05B0F /* test2.png */,
				217F5DFE1D9BBABD00C05B0F /* 3333.png */,
				217F5E001D9BBEA800C05B0F /* 03.jpg */,
				217F5E011D9BBEA800C05B0F /* 02.jpg */,
				217F5E021D9BBEA800C05B0F /* 01.jpg */,
				21AD41A41D9A4C1C00A667BA /* Main.storyboard */,
				215A37B91D9CA3EA00D21B61 /* SDWebImage.xcodeproj */,
				21AD41A71D9A4C1C00A667BA /* Assets.xcassets */,
				21AD41A91D9A4C1C00A667BA /* LaunchScreen.storyboard */,
				21AD41AC1D9A4C1C00A667BA /* Info.plist */,
			);
			path = ZJGenWoYou;
			sourceTree = "<group>";
		};
		21AD41B41D9A4C1D00A667BA /* ZJGenWoYouTests */ = {
			isa = PBXGroup;
			children = (
				21AD41B51D9A4C1D00A667BA /* ZJGenWoYouTests.swift */,
				21AD41B71D9A4C1D00A667BA /* Info.plist */,
			);
			path = ZJGenWoYouTests;
			sourceTree = "<group>";
		};
		21AD41BF1D9A4C1D00A667BA /* ZJGenWoYouUITests */ = {
			isa = PBXGroup;
			children = (
				21AD41C01D9A4C1D00A667BA /* ZJGenWoYouUITests.swift */,
				21AD41C21D9A4C1D00A667BA /* Info.plist */,
			);
			path = ZJGenWoYouUITests;
			sourceTree = "<group>";
		};
/* End PBXGroup section */

/* Begin PBXNativeTarget section */
		21AD419C1D9A4C1C00A667BA /* ZJGenWoYou */ = {
			isa = PBXNativeTarget;
			buildConfigurationList = 21AD41C51D9A4C1D00A667BA /* Build configuration list for PBXNativeTarget "ZJGenWoYou" */;
			buildPhases = (
				21AD41991D9A4C1C00A667BA /* Sources */,
				21AD419A1D9A4C1C00A667BA /* Frameworks */,
				21AD419B1D9A4C1C00A667BA /* Resources */,
			);
			buildRules = (
			);
			dependencies = (
			);
			name = ZJGenWoYou;
			productName = ZJGenWoYou;
			productReference = 21AD419D1D9A4C1C00A667BA /* ZJGenWoYou.app */;
			productType = "com.apple.product-type.application";
		};
		21AD41B01D9A4C1D00A667BA /* ZJGenWoYouTests */ = {
			isa = PBXNativeTarget;
			buildConfigurationList = 21AD41C81D9A4C1D00A667BA /* Build configuration list for PBXNativeTarget "ZJGenWoYouTests" */;
			buildPhases = (
				21AD41AD1D9A4C1D00A667BA /* Sources */,
				21AD41AE1D9A4C1D00A667BA /* Frameworks */,
				21AD41AF1D9A4C1D00A667BA /* Resources */,
			);
			buildRules = (
			);
			dependencies = (
				21AD41B31D9A4C1D00A667BA /* PBXTargetDependency */,
			);
			name = ZJGenWoYouTests;
			productName = ZJGenWoYouTests;
			productReference = 21AD41B11D9A4C1D00A667BA /* ZJGenWoYouTests.xctest */;
			productType = "com.apple.product-type.bundle.unit-test";
		};
		21AD41BB1D9A4C1D00A667BA /* ZJGenWoYouUITests */ = {
			isa = PBXNativeTarget;
			buildConfigurationList = 21AD41CB1D9A4C1D00A667BA /* Build configuration list for PBXNativeTarget "ZJGenWoYouUITests" */;
			buildPhases = (
				21AD41B81D9A4C1D00A667BA /* Sources */,
				21AD41B91D9A4C1D00A667BA /* Frameworks */,
				21AD41BA1D9A4C1D00A667BA /* Resources */,
			);
			buildRules = (
			);
			dependencies = (
				21AD41BE1D9A4C1D00A667BA /* PBXTargetDependency */,
			);
			name = ZJGenWoYouUITests;
			productName = ZJGenWoYouUITests;
			productReference = 21AD41BC1D9A4C1D00A667BA /* ZJGenWoYouUITests.xctest */;
			productType = "com.apple.product-type.bundle.ui-testing";
		};
/* End PBXNativeTarget section */

/* Begin PBXProject section */
		21AD41951D9A4C1C00A667BA /* Project object */ = {
			isa = PBXProject;
			attributes = {
				LastSwiftUpdateCheck = 0730;
				LastUpgradeCheck = 0730;
				ORGANIZATIONNAME = "李国良";
				TargetAttributes = {
					21AD419C1D9A4C1C00A667BA = {
						CreatedOnToolsVersion = 7.3.1;
					};
					21AD41B01D9A4C1D00A667BA = {
						CreatedOnToolsVersion = 7.3.1;
						TestTargetID = 21AD419C1D9A4C1C00A667BA;
					};
					21AD41BB1D9A4C1D00A667BA = {
						CreatedOnToolsVersion = 7.3.1;
						TestTargetID = 21AD419C1D9A4C1C00A667BA;
					};
				};
			};
			buildConfigurationList = 21AD41981D9A4C1C00A667BA /* Build configuration list for PBXProject "ZJGenWoYou" */;
			compatibilityVersion = "Xcode 3.2";
			developmentRegion = English;
			hasScannedForEncodings = 0;
			knownRegions = (
				en,
				Base,
			);
			mainGroup = 21AD41941D9A4C1C00A667BA;
			productRefGroup = 21AD419E1D9A4C1C00A667BA /* Products */;
			projectDirPath = "";
			projectReferences = (
				{
					ProductGroup = 215A37BA1D9CA3EA00D21B61 /* Products */;
					ProjectRef = 215A37B91D9CA3EA00D21B61 /* SDWebImage.xcodeproj */;
				},
			);
			projectRoot = "";
			targets = (
				21AD419C1D9A4C1C00A667BA /* ZJGenWoYou */,
				21AD41B01D9A4C1D00A667BA /* ZJGenWoYouTests */,
				21AD41BB1D9A4C1D00A667BA /* ZJGenWoYouUITests */,
			);
		};
/* End PBXProject section */

/* Begin PBXReferenceProxy section */
		215A37C31D9CA3EA00D21B61 /* libSDWebImage.a */ = {
			isa = PBXReferenceProxy;
			fileType = archive.ar;
			path = libSDWebImage.a;
			remoteRef = 215A37C21D9CA3EA00D21B61 /* PBXContainerItemProxy */;
			sourceTree = BUILT_PRODUCTS_DIR;
		};
		215A37C51D9CA3EA00D21B61 /* libSDWebImage+WebP.a */ = {
			isa = PBXReferenceProxy;
			fileType = archive.ar;
			path = "libSDWebImage+WebP.a";
			remoteRef = 215A37C41D9CA3EA00D21B61 /* PBXContainerItemProxy */;
			sourceTree = BUILT_PRODUCTS_DIR;
		};
		215A37C71D9CA3EA00D21B61 /* libSDWebImage+MKAnnotation.a */ = {
			isa = PBXReferenceProxy;
			fileType = archive.ar;
			path = "libSDWebImage+MKAnnotation.a";
			remoteRef = 215A37C61D9CA3EA00D21B61 /* PBXContainerItemProxy */;
			sourceTree = BUILT_PRODUCTS_DIR;
		};
		215A37C91D9CA3EA00D21B61 /* WebImage.framework */ = {
			isa = PBXReferenceProxy;
			fileType = wrapper.framework;
			path = WebImage.framework;
			remoteRef = 215A37C81D9CA3EA00D21B61 /* PBXContainerItemProxy */;
			sourceTree = BUILT_PRODUCTS_DIR;
		};
		215A37CB1D9CA3EA00D21B61 /* WebImage.framework */ = {
			isa = PBXReferenceProxy;
			fileType = wrapper.framework;
			path = WebImage.framework;
			remoteRef = 215A37CA1D9CA3EA00D21B61 /* PBXContainerItemProxy */;
			sourceTree = BUILT_PRODUCTS_DIR;
		};
/* End PBXReferenceProxy section */

/* Begin PBXResourcesBuildPhase section */
		21AD419B1D9A4C1C00A667BA /* Resources */ = {
			isa = PBXResourcesBuildPhase;
			buildActionMask = 2147483647;
			files = (
				217F5E031D9BBEA800C05B0F /* 03.jpg in Resources */,
				21AD41AB1D9A4C1C00A667BA /* LaunchScreen.storyboard in Resources */,
				21AD41A81D9A4C1C00A667BA /* Assets.xcassets in Resources */,
				215A37D31D9CBF1500D21B61 /* head_image.jpg in Resources */,
				217F5E041D9BBEA800C05B0F /* 02.jpg in Resources */,
				217F5DFF1D9BBABD00C05B0F /* 3333.png in Resources */,
				217F5DBF1D9B665700C05B0F /* test2.png in Resources */,
				217F5E051D9BBEA800C05B0F /* 01.jpg in Resources */,
				21AD41A61D9A4C1C00A667BA /* Main.storyboard in Resources */,
			);
			runOnlyForDeploymentPostprocessing = 0;
		};
		21AD41AF1D9A4C1D00A667BA /* Resources */ = {
			isa = PBXResourcesBuildPhase;
			buildActionMask = 2147483647;
			files = (
			);
			runOnlyForDeploymentPostprocessing = 0;
		};
		21AD41BA1D9A4C1D00A667BA /* Resources */ = {
			isa = PBXResourcesBuildPhase;
			buildActionMask = 2147483647;
			files = (
			);
			runOnlyForDeploymentPostprocessing = 0;
		};
/* End PBXResourcesBuildPhase section */

/* Begin PBXSourcesBuildPhase section */
		21AD41991D9A4C1C00A667BA /* Sources */ = {
			isa = PBXSourcesBuildPhase;
			buildActionMask = 2147483647;
			files = (
				21AD41D31D9A758D00A667BA /* TextModel.swift in Sources */,
				21AD41A31D9A4C1C00A667BA /* ViewController.swift in Sources */,
				21AD41A11D9A4C1C00A667BA /* AppDelegate.swift in Sources */,
				215A37B21D9C9E0C00D21B61 /* CustomSliderView.swift in Sources */,
				21AD41D11D9A72A900A667BA /* CustomCell.swift in Sources */,
			);
			runOnlyForDeploymentPostprocessing = 0;
		};
		21AD41AD1D9A4C1D00A667BA /* Sources */ = {
			isa = PBXSourcesBuildPhase;
			buildActionMask = 2147483647;
			files = (
				21AD41B61D9A4C1D00A667BA /* ZJGenWoYouTests.swift in Sources */,
			);
			runOnlyForDeploymentPostprocessing = 0;
		};
		21AD41B81D9A4C1D00A667BA /* Sources */ = {
			isa = PBXSourcesBuildPhase;
			buildActionMask = 2147483647;
			files = (
				21AD41C11D9A4C1D00A667BA /* ZJGenWoYouUITests.swift in Sources */,
			);
			runOnlyForDeploymentPostprocessing = 0;
		};
/* End PBXSourcesBuildPhase section */

/* Begin PBXTargetDependency section */
		21AD41B31D9A4C1D00A667BA /* PBXTargetDependency */ = {
			isa = PBXTargetDependency;
			target = 21AD419C1D9A4C1C00A667BA /* ZJGenWoYou */;
			targetProxy = 21AD41B21D9A4C1D00A667BA /* PBXContainerItemProxy */;
		};
		21AD41BE1D9A4C1D00A667BA /* PBXTargetDependency */ = {
			isa = PBXTargetDependency;
			target = 21AD419C1D9A4C1C00A667BA /* ZJGenWoYou */;
			targetProxy = 21AD41BD1D9A4C1D00A667BA /* PBXContainerItemProxy */;
		};
/* End PBXTargetDependency section */

/* Begin PBXVariantGroup section */
		21AD41A41D9A4C1C00A667BA /* Main.storyboard */ = {
			isa = PBXVariantGroup;
			children = (
				21AD41A51D9A4C1C00A667BA /* Base */,
			);
			name = Main.storyboard;
			sourceTree = "<group>";
		};
		21AD41A91D9A4C1C00A667BA /* LaunchScreen.storyboard */ = {
			isa = PBXVariantGroup;
			children = (
				21AD41AA1D9A4C1C00A667BA /* Base */,
			);
			name = LaunchScreen.storyboard;
			sourceTree = "<group>";
		};
/* End PBXVariantGroup section */

/* Begin XCBuildConfiguration section */
		21AD41C31D9A4C1D00A667BA /* Debug */ = {
			isa = XCBuildConfiguration;
			buildSettings = {
				ALWAYS_SEARCH_USER_PATHS = NO;
				CLANG_ANALYZER_NONNULL = YES;
				CLANG_CXX_LANGUAGE_STANDARD = "gnu++0x";
				CLANG_CXX_LIBRARY = "libc++";
				CLANG_ENABLE_MODULES = YES;
				CLANG_ENABLE_OBJC_ARC = YES;
				CLANG_WARN_BOOL_CONVERSION = YES;
				CLANG_WARN_CONSTANT_CONVERSION = YES;
				CLANG_WARN_DIRECT_OBJC_ISA_USAGE = YES_ERROR;
				CLANG_WARN_EMPTY_BODY = YES;
				CLANG_WARN_ENUM_CONVERSION = YES;
				CLANG_WARN_INT_CONVERSION = YES;
				CLANG_WARN_OBJC_ROOT_CLASS = YES_ERROR;
				CLANG_WARN_UNREACHABLE_CODE = YES;
				CLANG_WARN__DUPLICATE_METHOD_MATCH = YES;
				"CODE_SIGN_IDENTITY[sdk=iphoneos*]" = "iPhone Developer";
				COPY_PHASE_STRIP = NO;
				DEBUG_INFORMATION_FORMAT = dwarf;
				ENABLE_STRICT_OBJC_MSGSEND = YES;
				ENABLE_TESTABILITY = YES;
				GCC_C_LANGUAGE_STANDARD = gnu99;
				GCC_DYNAMIC_NO_PIC = NO;
				GCC_NO_COMMON_BLOCKS = YES;
				GCC_OPTIMIZATION_LEVEL = 0;
				GCC_PREPROCESSOR_DEFINITIONS = (
					"DEBUG=1",
					"$(inherited)",
				);
				GCC_WARN_64_TO_32_BIT_CONVERSION = YES;
				GCC_WARN_ABOUT_RETURN_TYPE = YES_ERROR;
				GCC_WARN_UNDECLARED_SELECTOR = YES;
				GCC_WARN_UNINITIALIZED_AUTOS = YES_AGGRESSIVE;
				GCC_WARN_UNUSED_FUNCTION = YES;
				GCC_WARN_UNUSED_VARIABLE = YES;
				IPHONEOS_DEPLOYMENT_TARGET = 9.0;
				MTL_ENABLE_DEBUG_INFO = YES;
				ONLY_ACTIVE_ARCH = YES;
				SDKROOT = iphoneos;
				SWIFT_OPTIMIZATION_LEVEL = "-Onone";
			};
			name = Debug;
		};
		21AD41C41D9A4C1D00A667BA /* Release */ = {
			isa = XCBuildConfiguration;
			buildSettings = {
				ALWAYS_SEARCH_USER_PATHS = NO;
				CLANG_ANALYZER_NONNULL = YES;
				CLANG_CXX_LANGUAGE_STANDARD = "gnu++0x";
				CLANG_CXX_LIBRARY = "libc++";
				CLANG_ENABLE_MODULES = YES;
				CLANG_ENABLE_OBJC_ARC = YES;
				CLANG_WARN_BOOL_CONVERSION = YES;
				CLANG_WARN_CONSTANT_CONVERSION = YES;
				CLANG_WARN_DIRECT_OBJC_ISA_USAGE = YES_ERROR;
				CLANG_WARN_EMPTY_BODY = YES;
				CLANG_WARN_ENUM_CONVERSION = YES;
				CLANG_WARN_INT_CONVERSION = YES;
				CLANG_WARN_OBJC_ROOT_CLASS = YES_ERROR;
				CLANG_WARN_UNREACHABLE_CODE = YES;
				CLANG_WARN__DUPLICATE_METHOD_MATCH = YES;
				"CODE_SIGN_IDENTITY[sdk=iphoneos*]" = "iPhone Developer";
				COPY_PHASE_STRIP = NO;
				DEBUG_INFORMATION_FORMAT = "dwarf-with-dsym";
				ENABLE_NS_ASSERTIONS = NO;
				ENABLE_STRICT_OBJC_MSGSEND = YES;
				GCC_C_LANGUAGE_STANDARD = gnu99;
				GCC_NO_COMMON_BLOCKS = YES;
				GCC_WARN_64_TO_32_BIT_CONVERSION = YES;
				GCC_WARN_ABOUT_RETURN_TYPE = YES_ERROR;
				GCC_WARN_UNDECLARED_SELECTOR = YES;
				GCC_WARN_UNINITIALIZED_AUTOS = YES_AGGRESSIVE;
				GCC_WARN_UNUSED_FUNCTION = YES;
				GCC_WARN_UNUSED_VARIABLE = YES;
				IPHONEOS_DEPLOYMENT_TARGET = 9.0;
				MTL_ENABLE_DEBUG_INFO = NO;
				SDKROOT = iphoneos;
				VALIDATE_PRODUCT = YES;
			};
			name = Release;
		};
		21AD41C61D9A4C1D00A667BA /* Debug */ = {
			isa = XCBuildConfiguration;
			buildSettings = {
				ASSETCATALOG_COMPILER_APPICON_NAME = AppIcon;
				INFOPLIST_FILE = ZJGenWoYou/Info.plist;
				LD_RUNPATH_SEARCH_PATHS = "$(inherited) @executable_path/Frameworks";
				OTHER_LDFLAGS = "-ObjC";
				PRODUCT_BUNDLE_IDENTIFIER = Lijiangzhijiekeji.ZJGenWoYou;
				PRODUCT_NAME = "$(TARGET_NAME)";
				SWIFT_OBJC_BRIDGING_HEADER = "$(SRCROOT)/ZJGenWoYou/SDWebImage+Header.h";
			};
			name = Debug;
		};
		21AD41C71D9A4C1D00A667BA /* Release */ = {
			isa = XCBuildConfiguration;
			buildSettings = {
				ASSETCATALOG_COMPILER_APPICON_NAME = AppIcon;
				INFOPLIST_FILE = ZJGenWoYou/Info.plist;
				LD_RUNPATH_SEARCH_PATHS = "$(inherited) @executable_path/Frameworks";
				OTHER_LDFLAGS = "-ObjC";
				PRODUCT_BUNDLE_IDENTIFIER = Lijiangzhijiekeji.ZJGenWoYou;
				PRODUCT_NAME = "$(TARGET_NAME)";
				SWIFT_OBJC_BRIDGING_HEADER = "$(SRCROOT)/ZJGenWoYou/SDWebImage+Header.h";
			};
			name = Release;
		};
		21AD41C91D9A4C1D00A667BA /* Debug */ = {
			isa = XCBuildConfiguration;
			buildSettings = {
				BUNDLE_LOADER = "$(TEST_HOST)";
				INFOPLIST_FILE = ZJGenWoYouTests/Info.plist;
				LD_RUNPATH_SEARCH_PATHS = "$(inherited) @executable_path/Frameworks @loader_path/Frameworks";
				PRODUCT_BUNDLE_IDENTIFIER = Lijiangzhijiekeji.ZJGenWoYouTests;
				PRODUCT_NAME = "$(TARGET_NAME)";
				TEST_HOST = "$(BUILT_PRODUCTS_DIR)/ZJGenWoYou.app/ZJGenWoYou";
			};
			name = Debug;
		};
		21AD41CA1D9A4C1D00A667BA /* Release */ = {
			isa = XCBuildConfiguration;
			buildSettings = {
				BUNDLE_LOADER = "$(TEST_HOST)";
				INFOPLIST_FILE = ZJGenWoYouTests/Info.plist;
				LD_RUNPATH_SEARCH_PATHS = "$(inherited) @executable_path/Frameworks @loader_path/Frameworks";
				PRODUCT_BUNDLE_IDENTIFIER = Lijiangzhijiekeji.ZJGenWoYouTests;
				PRODUCT_NAME = "$(TARGET_NAME)";
				TEST_HOST = "$(BUILT_PRODUCTS_DIR)/ZJGenWoYou.app/ZJGenWoYou";
			};
			name = Release;
		};
		21AD41CC1D9A4C1D00A667BA /* Debug */ = {
			isa = XCBuildConfiguration;
			buildSettings = {
				INFOPLIST_FILE = ZJGenWoYouUITests/Info.plist;
				LD_RUNPATH_SEARCH_PATHS = "$(inherited) @executable_path/Frameworks @loader_path/Frameworks";
				PRODUCT_BUNDLE_IDENTIFIER = Lijiangzhijiekeji.ZJGenWoYouUITests;
				PRODUCT_NAME = "$(TARGET_NAME)";
				TEST_TARGET_NAME = ZJGenWoYou;
			};
			name = Debug;
		};
		21AD41CD1D9A4C1D00A667BA /* Release */ = {
			isa = XCBuildConfiguration;
			buildSettings = {
				INFOPLIST_FILE = ZJGenWoYouUITests/Info.plist;
				LD_RUNPATH_SEARCH_PATHS = "$(inherited) @executable_path/Frameworks @loader_path/Frameworks";
				PRODUCT_BUNDLE_IDENTIFIER = Lijiangzhijiekeji.ZJGenWoYouUITests;
				PRODUCT_NAME = "$(TARGET_NAME)";
				TEST_TARGET_NAME = ZJGenWoYou;
			};
			name = Release;
		};
/* End XCBuildConfiguration section */

/* Begin XCConfigurationList section */
		21AD41981D9A4C1C00A667BA /* Build configuration list for PBXProject "ZJGenWoYou" */ = {
			isa = XCConfigurationList;
			buildConfigurations = (
				21AD41C31D9A4C1D00A667BA /* Debug */,
				21AD41C41D9A4C1D00A667BA /* Release */,
			);
			defaultConfigurationIsVisible = 0;
			defaultConfigurationName = Release;
		};
		21AD41C51D9A4C1D00A667BA /* Build configuration list for PBXNativeTarget "ZJGenWoYou" */ = {
			isa = XCConfigurationList;
			buildConfigurations = (
				21AD41C61D9A4C1D00A667BA /* Debug */,
				21AD41C71D9A4C1D00A667BA /* Release */,
			);
			defaultConfigurationIsVisible = 0;
			defaultConfigurationName = Release;
		};
		21AD41C81D9A4C1D00A667BA /* Build configuration list for PBXNativeTarget "ZJGenWoYouTests" */ = {
			isa = XCConfigurationList;
			buildConfigurations = (
				21AD41C91D9A4C1D00A667BA /* Debug */,
				21AD41CA1D9A4C1D00A667BA /* Release */,
			);
			defaultConfigurationIsVisible = 0;
			defaultConfigurationName = Release;
		};
		21AD41CB1D9A4C1D00A667BA /* Build configuration list for PBXNativeTarget "ZJGenWoYouUITests" */ = {
			isa = XCConfigurationList;
			buildConfigurations = (
				21AD41CC1D9A4C1D00A667BA /* Debug */,
				21AD41CD1D9A4C1D00A667BA /* Release */,
			);
			defaultConfigurationIsVisible = 0;
			defaultConfigurationName = Release;
		};
/* End XCConfigurationList section */
	};
	rootObject = 21AD41951D9A4C1C00A667BA /* Project object */;
}
